
Microsoft Visual Studio Solution File, Format Version 12.00
# Visual Studio Version 16
VisualStudioVersion = 25.0.1704.1
MinimumVisualStudioVersion = 10.0.40219.1
Project("{FAE04EC0-301F-11D3-BF4B-00C04F79EFBC}") = "iic-odk-auth", "iic-odk-auth\iic-odk-auth.csproj", "{37FF8178-B722-4BFF-ADC3-8EF5B4852F9E}"
EndProject
Global
	GlobalSection(SolutionConfigurationPlatforms) = preSolution
		Debug|Any CPU = Debug|Any CPU
		Release|Any CPU = Release|Any CPU
	EndGlobalSection
	GlobalSection(ProjectConfigurationPlatforms) = postSolution
		{37FF8178-B722-4BFF-ADC3-8EF5B4852F9E}.Debug|Any CPU.ActiveCfg = Debug|Any CPU
		{37FF8178-B722-4BFF-ADC3-8EF5B4852F9E}.Debug|Any CPU.Build.0 = Debug|Any CPU
		{37FF8178-B722-4BFF-ADC3-8EF5B4852F9E}.Release|Any CPU.ActiveCfg = Release|Any CPU
		{37FF8178-B722-4BFF-ADC3-8EF5B4852F9E}.Release|Any CPU.Build.0 = Release|Any CPU
	EndGlobalSection
	GlobalSection(SolutionProperties) = preSolution
		HideSolutionNode = FALSE
	EndGlobalSection
	GlobalSection(ExtensibilityGlobals) = postSolution
		SolutionGuid = {0E06E25F-FAB9-4A5C-83B1-379B47EA906E}
	EndGlobalSection
EndGlobal
